
Microsoft Visual Studio Solution File, Format Version 12.00
# Visual Studio Version 17
VisualStudioVersion = 17.3.32922.545
MinimumVisualStudioVersion = 10.0.40219.1
Project("{FAE04EC0-301F-11D3-BF4B-00C04F79EFBC}") = "serial_test", "serial_test\serial_test.csproj", "{6C043A13-90DB-4D43-BE7F-215B0C4B9CBC}"
EndProject
Global
	GlobalSection(SolutionConfigurationPlatforms) = preSolution
		Debug|Any CPU = Debug|Any CPU
		Release|Any CPU = Release|Any CPU
	EndGlobalSection
	GlobalSection(ProjectConfigurationPlatforms) = postSolution
		{6C043A13-90DB-4D43-BE7F-215B0C4B9CBC}.Debug|Any CPU.ActiveCfg = Debug|Any CPU
		{6C043A13-90DB-4D43-BE7F-215B0C4B9CBC}.Debug|Any CPU.Build.0 = Debug|Any CPU
		{6C043A13-90DB-4D43-BE7F-215B0C4B9CBC}.Release|Any CPU.ActiveCfg = Release|Any CPU
		{6C043A13-90DB-4D43-BE7F-215B0C4B9CBC}.Release|Any CPU.Build.0 = Release|Any CPU
	EndGlobalSection
	GlobalSection(SolutionProperties) = preSolution
		HideSolutionNode = FALSE
	EndGlobalSection
	GlobalSection(ExtensibilityGlobals) = postSolution
		SolutionGuid = {F255AABF-E48B-4DD8-80E6-6AF728630D50}
	EndGlobalSection
EndGlobal
